
Microsoft Visual Studio Solution File, Format Version 12.00
# Visual Studio Version 16
VisualStudioVersion = 16.0.32126.315
MinimumVisualStudioVersion = 10.0.40219.1
Project("{FAE04EC0-301F-11D3-BF4B-00C04F79EFBC}") = "WebApiProductos", "WebApiProductos.csproj", "{6EBC3A34-E695-453B-973C-E153906A7264}"
EndProject
Global
	GlobalSection(SolutionConfigurationPlatforms) = preSolution
		Debug|Any CPU = Debug|Any CPU
		Release|Any CPU = Release|Any CPU
	EndGlobalSection
	GlobalSection(ProjectConfigurationPlatforms) = postSolution
		{6EBC3A34-E695-453B-973C-E153906A7264}.Debug|Any CPU.ActiveCfg = Debug|Any CPU
		{6EBC3A34-E695-453B-973C-E153906A7264}.Debug|Any CPU.Build.0 = Debug|Any CPU
		{6EBC3A34-E695-453B-973C-E153906A7264}.Release|Any CPU.ActiveCfg = Release|Any CPU
		{6EBC3A34-E695-453B-973C-E153906A7264}.Release|Any CPU.Build.0 = Release|Any CPU
	EndGlobalSection
	GlobalSection(SolutionProperties) = preSolution
		HideSolutionNode = FALSE
	EndGlobalSection
	GlobalSection(ExtensibilityGlobals) = postSolution
		SolutionGuid = {76CE9DBC-247E-4CA3-A67A-F63C6CF83345}
	EndGlobalSection
EndGlobal
